
Microsoft Visual Studio Solution File, Format Version 12.00
# Visual Studio Version 17
VisualStudioVersion = 17.7.34031.279
MinimumVisualStudioVersion = 10.0.40219.1
Project("{9A19103F-16F7-4668-BE54-9A1E7A4F7556}") = "TheBlogProject", "TheBlogProject.csproj", "{D163850E-382A-4317-8BCD-D91F0FC2310E}"
EndProject
Global
	GlobalSection(SolutionConfigurationPlatforms) = preSolution
		Debug|Any CPU = Debug|Any CPU
		Release|Any CPU = Release|Any CPU
	EndGlobalSection
	GlobalSection(ProjectConfigurationPlatforms) = postSolution
		{D163850E-382A-4317-8BCD-D91F0FC2310E}.Debug|Any CPU.ActiveCfg = Debug|Any CPU
		{D163850E-382A-4317-8BCD-D91F0FC2310E}.Debug|Any CPU.Build.0 = Debug|Any CPU
		{D163850E-382A-4317-8BCD-D91F0FC2310E}.Release|Any CPU.ActiveCfg = Release|Any CPU
		{D163850E-382A-4317-8BCD-D91F0FC2310E}.Release|Any CPU.Build.0 = Release|Any CPU
	EndGlobalSection
	GlobalSection(SolutionProperties) = preSolution
		HideSolutionNode = FALSE
	EndGlobalSection
	GlobalSection(ExtensibilityGlobals) = postSolution
		SolutionGuid = {12A9022B-DDFC-46C6-BE6F-C3BBA3F44349}
	EndGlobalSection
EndGlobal
